{
  "name": "pidwin-fs-take-home-project",
  "lockfileVersion": 3,
  "requires": true,
  "packages": {
    "": {
      "dependencies": {
        "set-interval-async": "^3.0.3"
      }
    },
    "node_modules/set-interval-async": {
      "version": "3.0.3",
      "resolved": "https://registry.npmjs.org/set-interval-async/-/set-interval-async-3.0.3.tgz",
      "integrity": "sha512-o4DyBv6mko+A9cH3QKek4SAAT5UyJRkfdTi6JHii6ZCKUYFun8SwgBmQrOXd158JOwBQzA+BnO8BvT64xuCaSw==",
      "engines": {
        "node": ">= 14.0.0"
      }
    }
  }
}
